
Microsoft Visual Studio Solution File, Format Version 12.00
# Visual Studio Version 16
VisualStudioVersion = 16.0.29806.167
MinimumVisualStudioVersion = 10.0.40219.1
Project("{2150E333-8FDC-42A3-9474-1A3956D46DE8}") = "Fichas", "Fichas", "{949960BD-FED2-454E-BB50-96B6153565A9}"
EndProject
Project("{9A19103F-16F7-4668-BE54-9A1E7A4F7556}") = "Consola", "Consola\Consola.csproj", "{338A81C5-10DE-4FD0-ACBB-09754CA96F38}"
EndProject
Project("{9A19103F-16F7-4668-BE54-9A1E7A4F7556}") = "Ficha 6", "ClassLibrary1\Ficha 6.csproj", "{ED920606-CB65-4770-A91E-43822E94686E}"
EndProject
Project("{FAE04EC0-301F-11D3-BF4B-00C04F79EFBC}") = "Ficha 7", "ClassLibrary2\Ficha 7.csproj", "{2A4F0F2C-7A75-4F62-B005-F82FCF9B6447}"
EndProject
Global
	GlobalSection(SolutionConfigurationPlatforms) = preSolution
		Debug|Any CPU = Debug|Any CPU
		Release|Any CPU = Release|Any CPU
	EndGlobalSection
	GlobalSection(ProjectConfigurationPlatforms) = postSolution
		{338A81C5-10DE-4FD0-ACBB-09754CA96F38}.Debug|Any CPU.ActiveCfg = Debug|Any CPU
		{338A81C5-10DE-4FD0-ACBB-09754CA96F38}.Debug|Any CPU.Build.0 = Debug|Any CPU
		{338A81C5-10DE-4FD0-ACBB-09754CA96F38}.Release|Any CPU.ActiveCfg = Release|Any CPU
		{338A81C5-10DE-4FD0-ACBB-09754CA96F38}.Release|Any CPU.Build.0 = Release|Any CPU
		{ED920606-CB65-4770-A91E-43822E94686E}.Debug|Any CPU.ActiveCfg = Debug|Any CPU
		{ED920606-CB65-4770-A91E-43822E94686E}.Debug|Any CPU.Build.0 = Debug|Any CPU
		{ED920606-CB65-4770-A91E-43822E94686E}.Release|Any CPU.ActiveCfg = Release|Any CPU
		{ED920606-CB65-4770-A91E-43822E94686E}.Release|Any CPU.Build.0 = Release|Any CPU
		{2A4F0F2C-7A75-4F62-B005-F82FCF9B6447}.Debug|Any CPU.ActiveCfg = Debug|Any CPU
		{2A4F0F2C-7A75-4F62-B005-F82FCF9B6447}.Debug|Any CPU.Build.0 = Debug|Any CPU
		{2A4F0F2C-7A75-4F62-B005-F82FCF9B6447}.Release|Any CPU.ActiveCfg = Release|Any CPU
		{2A4F0F2C-7A75-4F62-B005-F82FCF9B6447}.Release|Any CPU.Build.0 = Release|Any CPU
	EndGlobalSection
	GlobalSection(SolutionProperties) = preSolution
		HideSolutionNode = FALSE
	EndGlobalSection
	GlobalSection(NestedProjects) = preSolution
		{ED920606-CB65-4770-A91E-43822E94686E} = {949960BD-FED2-454E-BB50-96B6153565A9}
		{2A4F0F2C-7A75-4F62-B005-F82FCF9B6447} = {949960BD-FED2-454E-BB50-96B6153565A9}
	EndGlobalSection
	GlobalSection(ExtensibilityGlobals) = postSolution
		SolutionGuid = {A6682FC5-AB6C-45A2-B4D1-00E3FCFDE3FE}
	EndGlobalSection
EndGlobal
